
Microsoft Visual Studio Solution File, Format Version 12.00
# Visual Studio Version 17
VisualStudioVersion = 17.2.32630.192
MinimumVisualStudioVersion = 10.0.40219.1
Project("{FAE04EC0-301F-11D3-BF4B-00C04F79EFBC}") = "Cviceni1710", "Cviceni1710\Cviceni1710.csproj", "{EECBC663-EA55-48FB-B0CD-33B0AFDB6BD7}"
EndProject
Global
	GlobalSection(SolutionConfigurationPlatforms) = preSolution
		Debug|Any CPU = Debug|Any CPU
		Release|Any CPU = Release|Any CPU
	EndGlobalSection
	GlobalSection(ProjectConfigurationPlatforms) = postSolution
		{EECBC663-EA55-48FB-B0CD-33B0AFDB6BD7}.Debug|Any CPU.ActiveCfg = Debug|Any CPU
		{EECBC663-EA55-48FB-B0CD-33B0AFDB6BD7}.Debug|Any CPU.Build.0 = Debug|Any CPU
		{EECBC663-EA55-48FB-B0CD-33B0AFDB6BD7}.Release|Any CPU.ActiveCfg = Release|Any CPU
		{EECBC663-EA55-48FB-B0CD-33B0AFDB6BD7}.Release|Any CPU.Build.0 = Release|Any CPU
	EndGlobalSection
	GlobalSection(SolutionProperties) = preSolution
		HideSolutionNode = FALSE
	EndGlobalSection
	GlobalSection(ExtensibilityGlobals) = postSolution
		SolutionGuid = {8A306C10-F466-4762-8170-22235D1FC27D}
	EndGlobalSection
EndGlobal
