
Microsoft Visual Studio Solution File, Format Version 12.00
# Visual Studio Version 17
VisualStudioVersion = 17.2.32630.192
MinimumVisualStudioVersion = 10.0.40219.1
Project("{9A19103F-16F7-4668-BE54-9A1E7A4F7556}") = "server-počty", "server-počty\server-počty.csproj", "{A7C1D115-FEB3-4667-B80D-5FB39CF7EE23}"
EndProject
Project("{FAE04EC0-301F-11D3-BF4B-00C04F79EFBC}") = "Client", "Client\Client.csproj", "{7E84298A-B351-4A2A-ACE5-5698E2F66058}"
EndProject
Global
	GlobalSection(SolutionConfigurationPlatforms) = preSolution
		Debug|Any CPU = Debug|Any CPU
		Release|Any CPU = Release|Any CPU
	EndGlobalSection
	GlobalSection(ProjectConfigurationPlatforms) = postSolution
		{A7C1D115-FEB3-4667-B80D-5FB39CF7EE23}.Debug|Any CPU.ActiveCfg = Debug|Any CPU
		{A7C1D115-FEB3-4667-B80D-5FB39CF7EE23}.Debug|Any CPU.Build.0 = Debug|Any CPU
		{A7C1D115-FEB3-4667-B80D-5FB39CF7EE23}.Release|Any CPU.ActiveCfg = Release|Any CPU
		{A7C1D115-FEB3-4667-B80D-5FB39CF7EE23}.Release|Any CPU.Build.0 = Release|Any CPU
		{7E84298A-B351-4A2A-ACE5-5698E2F66058}.Debug|Any CPU.ActiveCfg = Debug|Any CPU
		{7E84298A-B351-4A2A-ACE5-5698E2F66058}.Debug|Any CPU.Build.0 = Debug|Any CPU
		{7E84298A-B351-4A2A-ACE5-5698E2F66058}.Release|Any CPU.ActiveCfg = Release|Any CPU
		{7E84298A-B351-4A2A-ACE5-5698E2F66058}.Release|Any CPU.Build.0 = Release|Any CPU
	EndGlobalSection
	GlobalSection(SolutionProperties) = preSolution
		HideSolutionNode = FALSE
	EndGlobalSection
	GlobalSection(ExtensibilityGlobals) = postSolution
		SolutionGuid = {B741584A-1643-4EA8-8929-41F44F6DBDEC}
	EndGlobalSection
EndGlobal
