
Microsoft Visual Studio Solution File, Format Version 12.00
# Visual Studio Version 17
VisualStudioVersion = 17.2.32630.192
MinimumVisualStudioVersion = 10.0.40219.1
Project("{FAE04EC0-301F-11D3-BF4B-00C04F79EFBC}") = "kolekce", "kolekce\kolekce.csproj", "{59F713C4-5896-4E59-82A5-5CEDBDDFBBB1}"
EndProject
Global
	GlobalSection(SolutionConfigurationPlatforms) = preSolution
		Debug|Any CPU = Debug|Any CPU
		Release|Any CPU = Release|Any CPU
	EndGlobalSection
	GlobalSection(ProjectConfigurationPlatforms) = postSolution
		{59F713C4-5896-4E59-82A5-5CEDBDDFBBB1}.Debug|Any CPU.ActiveCfg = Debug|Any CPU
		{59F713C4-5896-4E59-82A5-5CEDBDDFBBB1}.Debug|Any CPU.Build.0 = Debug|Any CPU
		{59F713C4-5896-4E59-82A5-5CEDBDDFBBB1}.Release|Any CPU.ActiveCfg = Release|Any CPU
		{59F713C4-5896-4E59-82A5-5CEDBDDFBBB1}.Release|Any CPU.Build.0 = Release|Any CPU
	EndGlobalSection
	GlobalSection(SolutionProperties) = preSolution
		HideSolutionNode = FALSE
	EndGlobalSection
	GlobalSection(ExtensibilityGlobals) = postSolution
		SolutionGuid = {B38BC135-1E13-4DF0-976E-AB0AABBB5EFB}
	EndGlobalSection
EndGlobal
