
Microsoft Visual Studio Solution File, Format Version 12.00
# Visual Studio Version 17
VisualStudioVersion = 17.2.32630.192
MinimumVisualStudioVersion = 10.0.40219.1
Project("{FAE04EC0-301F-11D3-BF4B-00C04F79EFBC}") = "TEST1010", "TEST1010\TEST1010.csproj", "{0361B927-6DED-4B87-A8C7-25B8A4E0E1AD}"
EndProject
Global
	GlobalSection(SolutionConfigurationPlatforms) = preSolution
		Debug|Any CPU = Debug|Any CPU
		Release|Any CPU = Release|Any CPU
	EndGlobalSection
	GlobalSection(ProjectConfigurationPlatforms) = postSolution
		{0361B927-6DED-4B87-A8C7-25B8A4E0E1AD}.Debug|Any CPU.ActiveCfg = Debug|Any CPU
		{0361B927-6DED-4B87-A8C7-25B8A4E0E1AD}.Debug|Any CPU.Build.0 = Debug|Any CPU
		{0361B927-6DED-4B87-A8C7-25B8A4E0E1AD}.Release|Any CPU.ActiveCfg = Release|Any CPU
		{0361B927-6DED-4B87-A8C7-25B8A4E0E1AD}.Release|Any CPU.Build.0 = Release|Any CPU
	EndGlobalSection
	GlobalSection(SolutionProperties) = preSolution
		HideSolutionNode = FALSE
	EndGlobalSection
	GlobalSection(ExtensibilityGlobals) = postSolution
		SolutionGuid = {59C0CE43-E75F-401B-A4A4-89CBAC09D3FF}
	EndGlobalSection
EndGlobal
