
Microsoft Visual Studio Solution File, Format Version 12.00
# Visual Studio Version 17
VisualStudioVersion = 17.2.32630.192
MinimumVisualStudioVersion = 10.0.40219.1
Project("{FAE04EC0-301F-11D3-BF4B-00C04F79EFBC}") = "Cviceni16.1-Autopujcovna", "Cviceni16.1-Autopujcovna\Cviceni16.1-Autopujcovna.csproj", "{87C9B6B9-3A6F-4231-9632-5E4AB83E42D2}"
EndProject
Global
	GlobalSection(SolutionConfigurationPlatforms) = preSolution
		Debug|Any CPU = Debug|Any CPU
		Release|Any CPU = Release|Any CPU
	EndGlobalSection
	GlobalSection(ProjectConfigurationPlatforms) = postSolution
		{87C9B6B9-3A6F-4231-9632-5E4AB83E42D2}.Debug|Any CPU.ActiveCfg = Debug|Any CPU
		{87C9B6B9-3A6F-4231-9632-5E4AB83E42D2}.Debug|Any CPU.Build.0 = Debug|Any CPU
		{87C9B6B9-3A6F-4231-9632-5E4AB83E42D2}.Release|Any CPU.ActiveCfg = Release|Any CPU
		{87C9B6B9-3A6F-4231-9632-5E4AB83E42D2}.Release|Any CPU.Build.0 = Release|Any CPU
	EndGlobalSection
	GlobalSection(SolutionProperties) = preSolution
		HideSolutionNode = FALSE
	EndGlobalSection
	GlobalSection(ExtensibilityGlobals) = postSolution
		SolutionGuid = {DF1C8FF7-64FF-4538-80A0-F56B1C82ADFA}
	EndGlobalSection
EndGlobal
