
Microsoft Visual Studio Solution File, Format Version 12.00
# Visual Studio Version 17
VisualStudioVersion = 17.2.32630.192
MinimumVisualStudioVersion = 10.0.40219.1
Project("{FAE04EC0-301F-11D3-BF4B-00C04F79EFBC}") = "Database", "Database\Database.csproj", "{3FD860BE-2E2C-4B4D-A029-F562EA2A4B12}"
EndProject
Global
	GlobalSection(SolutionConfigurationPlatforms) = preSolution
		Debug|Any CPU = Debug|Any CPU
		Release|Any CPU = Release|Any CPU
	EndGlobalSection
	GlobalSection(ProjectConfigurationPlatforms) = postSolution
		{3FD860BE-2E2C-4B4D-A029-F562EA2A4B12}.Debug|Any CPU.ActiveCfg = Debug|Any CPU
		{3FD860BE-2E2C-4B4D-A029-F562EA2A4B12}.Debug|Any CPU.Build.0 = Debug|Any CPU
		{3FD860BE-2E2C-4B4D-A029-F562EA2A4B12}.Release|Any CPU.ActiveCfg = Release|Any CPU
		{3FD860BE-2E2C-4B4D-A029-F562EA2A4B12}.Release|Any CPU.Build.0 = Release|Any CPU
	EndGlobalSection
	GlobalSection(SolutionProperties) = preSolution
		HideSolutionNode = FALSE
	EndGlobalSection
	GlobalSection(ExtensibilityGlobals) = postSolution
		SolutionGuid = {D31B0FA4-9AB8-448A-A414-4C1D5CB42711}
	EndGlobalSection
EndGlobal
